
Microsoft Visual Studio Solution File, Format Version 12.00
# Visual Studio 15
VisualStudioVersion = 15.0.28307.572
MinimumVisualStudioVersion = 10.0.40219.1
Project("{159641D6-6404-4A2A-AE62-294DE0FE8301}") = "CargaChallengeFerrous", "CargaChallengeFerrous\CargaChallengeFerrous.dtproj", "{A062C5C0-77D5-4CCD-9EFD-14F18E1509BA}"
EndProject
Global
	GlobalSection(SolutionConfigurationPlatforms) = preSolution
		Development|Default = Development|Default
	EndGlobalSection
	GlobalSection(ProjectConfigurationPlatforms) = postSolution
		{A062C5C0-77D5-4CCD-9EFD-14F18E1509BA}.Development|Default.ActiveCfg = Development
		{A062C5C0-77D5-4CCD-9EFD-14F18E1509BA}.Development|Default.Build.0 = Development
	EndGlobalSection
	GlobalSection(SolutionProperties) = preSolution
		HideSolutionNode = FALSE
	EndGlobalSection
	GlobalSection(ExtensibilityGlobals) = postSolution
		SolutionGuid = {F2E64E65-6966-471F-966A-31AAA53EF5E9}
	EndGlobalSection
EndGlobal
