
Microsoft Visual Studio Solution File, Format Version 12.00
# Visual Studio 15
VisualStudioVersion = 15.0.28307.572
MinimumVisualStudioVersion = 10.0.40219.1
Project("{D2ABAB84-BF74-430A-B69E-9DC6D40DDA17}") = "CuboChallenge", "CuboChallenge\CuboChallenge.dwproj", "{F90B049C-74B2-493E-A06C-9097601490B0}"
EndProject
Global
	GlobalSection(SolutionConfigurationPlatforms) = preSolution
		Development|Default = Development|Default
	EndGlobalSection
	GlobalSection(ProjectConfigurationPlatforms) = postSolution
		{F90B049C-74B2-493E-A06C-9097601490B0}.Development|Default.ActiveCfg = Development
		{F90B049C-74B2-493E-A06C-9097601490B0}.Development|Default.Build.0 = Development
		{F90B049C-74B2-493E-A06C-9097601490B0}.Development|Default.Deploy.0 = Development
	EndGlobalSection
	GlobalSection(SolutionProperties) = preSolution
		HideSolutionNode = FALSE
	EndGlobalSection
	GlobalSection(ExtensibilityGlobals) = postSolution
		SolutionGuid = {AB01A866-093C-4475-9AD7-9AA96C37AE49}
	EndGlobalSection
EndGlobal
